
Microsoft Visual Studio Solution File, Format Version 12.00
# Visual Studio Version 17
VisualStudioVersion = 17.14.37203.1 d17.14
MinimumVisualStudioVersion = 10.0.40219.1
Project("{FAE04EC0-301F-11D3-BF4B-00C04F79EFBC}") = "EnglishCenter.API", "EnglishCenter.API\EnglishCenter.API.csproj", "{12BA80E7-A5B1-4842-A559-10DFBA3305D7}"
EndProject
Project("{FAE04EC0-301F-11D3-BF4B-00C04F79EFBC}") = "EnglishCenter.Web", "EnglishCenter.Web\EnglishCenter.Web.csproj", "{5EE4B585-7530-4ABD-9C91-D64A0F138980}"
EndProject
Global
	GlobalSection(SolutionConfigurationPlatforms) = preSolution
		Debug|Any CPU = Debug|Any CPU
		Release|Any CPU = Release|Any CPU
	EndGlobalSection
	GlobalSection(ProjectConfigurationPlatforms) = postSolution
		{12BA80E7-A5B1-4842-A559-10DFBA3305D7}.Debug|Any CPU.ActiveCfg = Debug|Any CPU
		{12BA80E7-A5B1-4842-A559-10DFBA3305D7}.Debug|Any CPU.Build.0 = Debug|Any CPU
		{12BA80E7-A5B1-4842-A559-10DFBA3305D7}.Release|Any CPU.ActiveCfg = Release|Any CPU
		{12BA80E7-A5B1-4842-A559-10DFBA3305D7}.Release|Any CPU.Build.0 = Release|Any CPU
		{5EE4B585-7530-4ABD-9C91-D64A0F138980}.Debug|Any CPU.ActiveCfg = Debug|Any CPU
		{5EE4B585-7530-4ABD-9C91-D64A0F138980}.Debug|Any CPU.Build.0 = Debug|Any CPU
		{5EE4B585-7530-4ABD-9C91-D64A0F138980}.Release|Any CPU.ActiveCfg = Release|Any CPU
		{5EE4B585-7530-4ABD-9C91-D64A0F138980}.Release|Any CPU.Build.0 = Release|Any CPU
	EndGlobalSection
	GlobalSection(SolutionProperties) = preSolution
		HideSolutionNode = FALSE
	EndGlobalSection
	GlobalSection(ExtensibilityGlobals) = postSolution
		SolutionGuid = {40D024A0-390F-41A9-9455-DD117AC2E04C}
	EndGlobalSection
EndGlobal
